// !$*UTF8*$!
{
	archiveVersion = 1;
	classes = {
	};
	objectVersion = 56;
	objects = {

/* Begin PBXBuildFile section */
		CE3B66362AC2B87E00C8C590 /* AppConstants.swift in Sources */ = {isa = PBXBuildFile; fileRef = CE3B66352AC2B87E00C8C590 /* AppConstants.swift */; };
		CE3B663B2AC2C44800C8C590 /* Settings.bundle in Resources */ = {isa = PBXBuildFile; fileRef = CE3B663A2AC2C44800C8C590 /* Settings.bundle */; };
		CE5EF5012ADFF27900A5BB98 /* CoreDataManager.swift in Sources */ = {isa = PBXBuildFile; fileRef = CE5EF5002ADFF27900A5BB98 /* CoreDataManager.swift */; };
		CE5EF5032ADFFBF000A5BB98 /* ItemResponse.swift in Sources */ = {isa = PBXBuildFile; fileRef = CE5EF5022ADFFBF000A5BB98 /* ItemResponse.swift */; };
		CE5EF50C2AE00DDA00A5BB98 /* AppDataModel.xcdatamodeld in Sources */ = {isa = PBXBuildFile; fileRef = CE5EF50A2AE00DDA00A5BB98 /* AppDataModel.xcdatamodeld */; };
		CEFF7BC02ABD6C90000BB0C8 /* AssignmentJosipDomazetApp.swift in Sources */ = {isa = PBXBuildFile; fileRef = CEFF7BBF2ABD6C90000BB0C8 /* AssignmentJosipDomazetApp.swift */; };
		CEFF7BC22ABD6C90000BB0C8 /* ContentView.swift in Sources */ = {isa = PBXBuildFile; fileRef = CEFF7BC12ABD6C90000BB0C8 /* ContentView.swift */; };
		CEFF7BC42ABD6C92000BB0C8 /* Assets.xcassets in Resources */ = {isa = PBXBuildFile; fileRef = CEFF7BC32ABD6C92000BB0C8 /* Assets.xcassets */; };
		CEFF7BC72ABD6C92000BB0C8 /* Preview Assets.xcassets in Resources */ = {isa = PBXBuildFile; fileRef = CEFF7BC62ABD6C92000BB0C8 /* Preview Assets.xcassets */; };
		CEFF7BCE2ABD6F5A000BB0C8 /* .gitignore in Resources */ = {isa = PBXBuildFile; fileRef = CEFF7BCD2ABD6F5A000BB0C8 /* .gitignore */; };
		CEFF7BD12ABD70EE000BB0C8 /* ItemViewModel.swift in Sources */ = {isa = PBXBuildFile; fileRef = CEFF7BD02ABD70EE000BB0C8 /* ItemViewModel.swift */; };
		CEFF7BD42ABD7188000BB0C8 /* ItemRepository.swift in Sources */ = {isa = PBXBuildFile; fileRef = CEFF7BD32ABD7188000BB0C8 /* ItemRepository.swift */; };
		CEFF7BD62ABD71DE000BB0C8 /* ViewState.swift in Sources */ = {isa = PBXBuildFile; fileRef = CEFF7BD52ABD71DE000BB0C8 /* ViewState.swift */; };
		CEFF7BDB2ABDBE25000BB0C8 /* DetailView.swift in Sources */ = {isa = PBXBuildFile; fileRef = CEFF7BDA2ABDBE25000BB0C8 /* DetailView.swift */; };
/* End PBXBuildFile section */

/* Begin PBXFileReference section */
		CE3B66352AC2B87E00C8C590 /* AppConstants.swift */ = {isa = PBXFileReference; lastKnownFileType = sourcecode.swift; path = AppConstants.swift; sourceTree = "<group>"; };
		CE3B66392AC2BBB000C8C590 /* Info.plist */ = {isa = PBXFileReference; lastKnownFileType = text.plist; path = Info.plist; sourceTree = "<group>"; };
		CE3B663A2AC2C44800C8C590 /* Settings.bundle */ = {isa = PBXFileReference; lastKnownFileType = "wrapper.plug-in"; path = Settings.bundle; sourceTree = "<group>"; };
		CE5EF5002ADFF27900A5BB98 /* CoreDataManager.swift */ = {isa = PBXFileReference; lastKnownFileType = sourcecode.swift; path = CoreDataManager.swift; sourceTree = "<group>"; };
		CE5EF5022ADFFBF000A5BB98 /* ItemResponse.swift */ = {isa = PBXFileReference; lastKnownFileType = sourcecode.swift; path = ItemResponse.swift; sourceTree = "<group>"; };
		CE5EF50B2AE00DDA00A5BB98 /* AppDataModel.xcdatamodel */ = {isa = PBXFileReference; lastKnownFileType = wrapper.xcdatamodel; path = AppDataModel.xcdatamodel; sourceTree = "<group>"; };
		CEFF7BBC2ABD6C90000BB0C8 /* AssignmentJosipDomazet.app */ = {isa = PBXFileReference; explicitFileType = wrapper.application; includeInIndex = 0; path = AssignmentJosipDomazet.app; sourceTree = BUILT_PRODUCTS_DIR; };
		CEFF7BBF2ABD6C90000BB0C8 /* AssignmentJosipDomazetApp.swift */ = {isa = PBXFileReference; lastKnownFileType = sourcecode.swift; path = AssignmentJosipDomazetApp.swift; sourceTree = "<group>"; };
		CEFF7BC12ABD6C90000BB0C8 /* ContentView.swift */ = {isa = PBXFileReference; lastKnownFileType = sourcecode.swift; path = ContentView.swift; sourceTree = "<group>"; };
		CEFF7BC32ABD6C92000BB0C8 /* Assets.xcassets */ = {isa = PBXFileReference; lastKnownFileType = folder.assetcatalog; path = Assets.xcassets; sourceTree = "<group>"; };
		CEFF7BC62ABD6C92000BB0C8 /* Preview Assets.xcassets */ = {isa = PBXFileReference; lastKnownFileType = folder.assetcatalog; path = "Preview Assets.xcassets"; sourceTree = "<group>"; };
		CEFF7BCD2ABD6F5A000BB0C8 /* .gitignore */ = {isa = PBXFileReference; lastKnownFileType = text; path = .gitignore; sourceTree = "<group>"; };
		CEFF7BD02ABD70EE000BB0C8 /* ItemViewModel.swift */ = {isa = PBXFileReference; lastKnownFileType = sourcecode.swift; path = ItemViewModel.swift; sourceTree = "<group>"; };
		CEFF7BD32ABD7188000BB0C8 /* ItemRepository.swift */ = {isa = PBXFileReference; lastKnownFileType = sourcecode.swift; path = ItemRepository.swift; sourceTree = "<group>"; };
		CEFF7BD52ABD71DE000BB0C8 /* ViewState.swift */ = {isa = PBXFileReference; lastKnownFileType = sourcecode.swift; path = ViewState.swift; sourceTree = "<group>"; };
		CEFF7BDA2ABDBE25000BB0C8 /* DetailView.swift */ = {isa = PBXFileReference; lastKnownFileType = sourcecode.swift; path = DetailView.swift; sourceTree = "<group>"; };
/* End PBXFileReference section */

/* Begin PBXFrameworksBuildPhase section */
		CEFF7BB92ABD6C90000BB0C8 /* Frameworks */ = {
			isa = PBXFrameworksBuildPhase;
			buildActionMask = 2147483647;
			files = (
			);
			runOnlyForDeploymentPostprocessing = 0;
		};
/* End PBXFrameworksBuildPhase section */

/* Begin PBXGroup section */
		CEFF7BB32ABD6C90000BB0C8 = {
			isa = PBXGroup;
			children = (
				CEFF7BBE2ABD6C90000BB0C8 /* AssignmentJosipDomazet */,
				CEFF7BBD2ABD6C90000BB0C8 /* Products */,
			);
			sourceTree = "<group>";
		};
		CEFF7BBD2ABD6C90000BB0C8 /* Products */ = {
			isa = PBXGroup;
			children = (
				CEFF7BBC2ABD6C90000BB0C8 /* AssignmentJosipDomazet.app */,
			);
			name = Products;
			sourceTree = "<group>";
		};
		CEFF7BBE2ABD6C90000BB0C8 /* AssignmentJosipDomazet */ = {
			isa = PBXGroup;
			children = (
				CE3B66392AC2BBB000C8C590 /* Info.plist */,
				CEFF7BD72ABD7583000BB0C8 /* model */,
				CEFF7BD22ABD7166000BB0C8 /* repository */,
				CEFF7BCF2ABD70A9000BB0C8 /* viewmodel */,
				CEFF7BBF2ABD6C90000BB0C8 /* AssignmentJosipDomazetApp.swift */,
				CEFF7BC12ABD6C90000BB0C8 /* ContentView.swift */,
				CEFF7BDA2ABDBE25000BB0C8 /* DetailView.swift */,
				CEFF7BC32ABD6C92000BB0C8 /* Assets.xcassets */,
				CEFF7BC52ABD6C92000BB0C8 /* Preview Content */,
				CEFF7BCD2ABD6F5A000BB0C8 /* .gitignore */,
				CE3B66352AC2B87E00C8C590 /* AppConstants.swift */,
				CE3B663A2AC2C44800C8C590 /* Settings.bundle */,
				CE5EF50A2AE00DDA00A5BB98 /* AppDataModel.xcdatamodeld */,
			);
			path = AssignmentJosipDomazet;
			sourceTree = "<group>";
		};
		CEFF7BC52ABD6C92000BB0C8 /* Preview Content */ = {
			isa = PBXGroup;
			children = (
				CEFF7BC62ABD6C92000BB0C8 /* Preview Assets.xcassets */,
			);
			path = "Preview Content";
			sourceTree = "<group>";
		};
		CEFF7BCF2ABD70A9000BB0C8 /* viewmodel */ = {
			isa = PBXGroup;
			children = (
				CEFF7BD02ABD70EE000BB0C8 /* ItemViewModel.swift */,
			);
			path = viewmodel;
			sourceTree = "<group>";
		};
		CEFF7BD22ABD7166000BB0C8 /* repository */ = {
			isa = PBXGroup;
			children = (
				CEFF7BD32ABD7188000BB0C8 /* ItemRepository.swift */,
				CE5EF5002ADFF27900A5BB98 /* CoreDataManager.swift */,
			);
			path = repository;
			sourceTree = "<group>";
		};
		CEFF7BD72ABD7583000BB0C8 /* model */ = {
			isa = PBXGroup;
			children = (
				CEFF7BD52ABD71DE000BB0C8 /* ViewState.swift */,
				CE5EF5022ADFFBF000A5BB98 /* ItemResponse.swift */,
			);
			path = model;
			sourceTree = "<group>";
		};
/* End PBXGroup section */

/* Begin PBXNativeTarget section */
		CEFF7BBB2ABD6C90000BB0C8 /* AssignmentJosipDomazet */ = {
			isa = PBXNativeTarget;
			buildConfigurationList = CEFF7BCA2ABD6C92000BB0C8 /* Build configuration list for PBXNativeTarget "AssignmentJosipDomazet" */;
			buildPhases = (
				CEFF7BB82ABD6C90000BB0C8 /* Sources */,
				CEFF7BB92ABD6C90000BB0C8 /* Frameworks */,
				CEFF7BBA2ABD6C90000BB0C8 /* Resources */,
			);
			buildRules = (
			);
			dependencies = (
			);
			name = AssignmentJosipDomazet;
			productName = AssignmentJosipDomazet;
			productReference = CEFF7BBC2ABD6C90000BB0C8 /* AssignmentJosipDomazet.app */;
			productType = "com.apple.product-type.application";
		};
/* End PBXNativeTarget section */

/* Begin PBXProject section */
		CEFF7BB42ABD6C90000BB0C8 /* Project object */ = {
			isa = PBXProject;
			attributes = {
				BuildIndependentTargetsInParallel = 1;
				LastSwiftUpdateCheck = 1420;
				LastUpgradeCheck = 1420;
				TargetAttributes = {
					CEFF7BBB2ABD6C90000BB0C8 = {
						CreatedOnToolsVersion = 14.2;
					};
				};
			};
			buildConfigurationList = CEFF7BB72ABD6C90000BB0C8 /* Build configuration list for PBXProject "AssignmentJosipDomazet" */;
			compatibilityVersion = "Xcode 14.0";
			developmentRegion = en;
			hasScannedForEncodings = 0;
			knownRegions = (
				en,
				Base,
			);
			mainGroup = CEFF7BB32ABD6C90000BB0C8;
			productRefGroup = CEFF7BBD2ABD6C90000BB0C8 /* Products */;
			projectDirPath = "";
			projectRoot = "";
			targets = (
				CEFF7BBB2ABD6C90000BB0C8 /* AssignmentJosipDomazet */,
			);
		};
/* End PBXProject section */

/* Begin PBXResourcesBuildPhase section */
		CEFF7BBA2ABD6C90000BB0C8 /* Resources */ = {
			isa = PBXResourcesBuildPhase;
			buildActionMask = 2147483647;
			files = (
				CE3B663B2AC2C44800C8C590 /* Settings.bundle in Resources */,
				CEFF7BC72ABD6C92000BB0C8 /* Preview Assets.xcassets in Resources */,
				CEFF7BCE2ABD6F5A000BB0C8 /* .gitignore in Resources */,
				CEFF7BC42ABD6C92000BB0C8 /* Assets.xcassets in Resources */,
			);
			runOnlyForDeploymentPostprocessing = 0;
		};
/* End PBXResourcesBuildPhase section */

/* Begin PBXSourcesBuildPhase section */
		CEFF7BB82ABD6C90000BB0C8 /* Sources */ = {
			isa = PBXSourcesBuildPhase;
			buildActionMask = 2147483647;
			files = (
				CEFF7BC22ABD6C90000BB0C8 /* ContentView.swift in Sources */,
				CE3B66362AC2B87E00C8C590 /* AppConstants.swift in Sources */,
				CEFF7BD42ABD7188000BB0C8 /* ItemRepository.swift in Sources */,
				CEFF7BDB2ABDBE25000BB0C8 /* DetailView.swift in Sources */,
				CEFF7BD62ABD71DE000BB0C8 /* ViewState.swift in Sources */,
				CE5EF50C2AE00DDA00A5BB98 /* AppDataModel.xcdatamodeld in Sources */,
				CEFF7BC02ABD6C90000BB0C8 /* AssignmentJosipDomazetApp.swift in Sources */,
				CEFF7BD12ABD70EE000BB0C8 /* ItemViewModel.swift in Sources */,
				CE5EF5012ADFF27900A5BB98 /* CoreDataManager.swift in Sources */,
				CE5EF5032ADFFBF000A5BB98 /* ItemResponse.swift in Sources */,
			);
			runOnlyForDeploymentPostprocessing = 0;
		};
/* End PBXSourcesBuildPhase section */

/* Begin XCBuildConfiguration section */
		CEFF7BC82ABD6C92000BB0C8 /* Debug */ = {
			isa = XCBuildConfiguration;
			buildSettings = {
				ALWAYS_SEARCH_USER_PATHS = NO;
				CLANG_ANALYZER_NONNULL = YES;
				CLANG_ANALYZER_NUMBER_OBJECT_CONVERSION = YES_AGGRESSIVE;
				CLANG_CXX_LANGUAGE_STANDARD = "gnu++20";
				CLANG_ENABLE_MODULES = YES;
				CLANG_ENABLE_OBJC_ARC = YES;
				CLANG_ENABLE_OBJC_WEAK = YES;
				CLANG_WARN_BLOCK_CAPTURE_AUTORELEASING = YES;
				CLANG_WARN_BOOL_CONVERSION = YES;
				CLANG_WARN_COMMA = YES;
				CLANG_WARN_CONSTANT_CONVERSION = YES;
				CLANG_WARN_DEPRECATED_OBJC_IMPLEMENTATIONS = YES;
				CLANG_WARN_DIRECT_OBJC_ISA_USAGE = YES_ERROR;
				CLANG_WARN_DOCUMENTATION_COMMENTS = YES;
				CLANG_WARN_EMPTY_BODY = YES;
				CLANG_WARN_ENUM_CONVERSION = YES;
				CLANG_WARN_INFINITE_RECURSION = YES;
				CLANG_WARN_INT_CONVERSION = YES;
				CLANG_WARN_NON_LITERAL_NULL_CONVERSION = YES;
				CLANG_WARN_OBJC_IMPLICIT_RETAIN_SELF = YES;
				CLANG_WARN_OBJC_LITERAL_CONVERSION = YES;
				CLANG_WARN_OBJC_ROOT_CLASS = YES_ERROR;
				CLANG_WARN_QUOTED_INCLUDE_IN_FRAMEWORK_HEADER = YES;
				CLANG_WARN_RANGE_LOOP_ANALYSIS = YES;
				CLANG_WARN_STRICT_PROTOTYPES = YES;
				CLANG_WARN_SUSPICIOUS_MOVE = YES;
				CLANG_WARN_UNGUARDED_AVAILABILITY = YES_AGGRESSIVE;
				CLANG_WARN_UNREACHABLE_CODE = YES;
				CLANG_WARN__DUPLICATE_METHOD_MATCH = YES;
				COPY_PHASE_STRIP = NO;
				DEBUG_INFORMATION_FORMAT = dwarf;
				ENABLE_STRICT_OBJC_MSGSEND = YES;
				ENABLE_TESTABILITY = YES;
				GCC_C_LANGUAGE_STANDARD = gnu11;
				GCC_DYNAMIC_NO_PIC = NO;
				GCC_NO_COMMON_BLOCKS = YES;
				GCC_OPTIMIZATION_LEVEL = 0;
				GCC_PREPROCESSOR_DEFINITIONS = (
					"DEBUG=1",
					"$(inherited)",
				);
				GCC_WARN_64_TO_32_BIT_CONVERSION = YES;
				GCC_WARN_ABOUT_RETURN_TYPE = YES_ERROR;
				GCC_WARN_UNDECLARED_SELECTOR = YES;
				GCC_WARN_UNINITIALIZED_AUTOS = YES_AGGRESSIVE;
				GCC_WARN_UNUSED_FUNCTION = YES;
				GCC_WARN_UNUSED_VARIABLE = YES;
				IPHONEOS_DEPLOYMENT_TARGET = 16.2;
				MTL_ENABLE_DEBUG_INFO = INCLUDE_SOURCE;
				MTL_FAST_MATH = YES;
				ONLY_ACTIVE_ARCH = YES;
				SDKROOT = iphoneos;
				SWIFT_ACTIVE_COMPILATION_CONDITIONS = DEBUG;
				SWIFT_OPTIMIZATION_LEVEL = "-Onone";
			};
			name = Debug;
		};
		CEFF7BC92ABD6C92000BB0C8 /* Release */ = {
			isa = XCBuildConfiguration;
			buildSettings = {
				ALWAYS_SEARCH_USER_PATHS = NO;
				CLANG_ANALYZER_NONNULL = YES;
				CLANG_ANALYZER_NUMBER_OBJECT_CONVERSION = YES_AGGRESSIVE;
				CLANG_CXX_LANGUAGE_STANDARD = "gnu++20";
				CLANG_ENABLE_MODULES = YES;
				CLANG_ENABLE_OBJC_ARC = YES;
				CLANG_ENABLE_OBJC_WEAK = YES;
				CLANG_WARN_BLOCK_CAPTURE_AUTORELEASING = YES;
				CLANG_WARN_BOOL_CONVERSION = YES;
				CLANG_WARN_COMMA = YES;
				CLANG_WARN_CONSTANT_CONVERSION = YES;
				CLANG_WARN_DEPRECATED_OBJC_IMPLEMENTATIONS = YES;
				CLANG_WARN_DIRECT_OBJC_ISA_USAGE = YES_ERROR;
				CLANG_WARN_DOCUMENTATION_COMMENTS = YES;
				CLANG_WARN_EMPTY_BODY = YES;
				CLANG_WARN_ENUM_CONVERSION = YES;
				CLANG_WARN_INFINITE_RECURSION = YES;
				CLANG_WARN_INT_CONVERSION = YES;
				CLANG_WARN_NON_LITERAL_NULL_CONVERSION = YES;
				CLANG_WARN_OBJC_IMPLICIT_RETAIN_SELF = YES;
				CLANG_WARN_OBJC_LITERAL_CONVERSION = YES;
				CLANG_WARN_OBJC_ROOT_CLASS = YES_ERROR;
				CLANG_WARN_QUOTED_INCLUDE_IN_FRAMEWORK_HEADER = YES;
				CLANG_WARN_RANGE_LOOP_ANALYSIS = YES;
				CLANG_WARN_STRICT_PROTOTYPES = YES;
				CLANG_WARN_SUSPICIOUS_MOVE = YES;
				CLANG_WARN_UNGUARDED_AVAILABILITY = YES_AGGRESSIVE;
				CLANG_WARN_UNREACHABLE_CODE = YES;
				CLANG_WARN__DUPLICATE_METHOD_MATCH = YES;
				COPY_PHASE_STRIP = NO;
				DEBUG_INFORMATION_FORMAT = "dwarf-with-dsym";
				ENABLE_NS_ASSERTIONS = NO;
				ENABLE_STRICT_OBJC_MSGSEND = YES;
				GCC_C_LANGUAGE_STANDARD = gnu11;
				GCC_NO_COMMON_BLOCKS = YES;
				GCC_WARN_64_TO_32_BIT_CONVERSION = YES;
				GCC_WARN_ABOUT_RETURN_TYPE = YES_ERROR;
				GCC_WARN_UNDECLARED_SELECTOR = YES;
				GCC_WARN_UNINITIALIZED_AUTOS = YES_AGGRESSIVE;
				GCC_WARN_UNUSED_FUNCTION = YES;
				GCC_WARN_UNUSED_VARIABLE = YES;
				IPHONEOS_DEPLOYMENT_TARGET = 16.2;
				MTL_ENABLE_DEBUG_INFO = NO;
				MTL_FAST_MATH = YES;
				SDKROOT = iphoneos;
				SWIFT_COMPILATION_MODE = wholemodule;
				SWIFT_OPTIMIZATION_LEVEL = "-O";
				VALIDATE_PRODUCT = YES;
			};
			name = Release;
		};
		CEFF7BCB2ABD6C92000BB0C8 /* Debug */ = {
			isa = XCBuildConfiguration;
			buildSettings = {
				ASSETCATALOG_COMPILER_APPICON_NAME = AppIcon;
				ASSETCATALOG_COMPILER_GLOBAL_ACCENT_COLOR_NAME = AccentColor;
				CODE_SIGN_STYLE = Automatic;
				CURRENT_PROJECT_VERSION = 1;
				DEVELOPMENT_ASSET_PATHS = "\"AssignmentJosipDomazet/Preview Content\"";
				ENABLE_PREVIEWS = YES;
				GENERATE_INFOPLIST_FILE = YES;
				INFOPLIST_FILE = AssignmentJosipDomazet/Info.plist;
				INFOPLIST_KEY_UIApplicationSceneManifest_Generation = YES;
				INFOPLIST_KEY_UIApplicationSupportsIndirectInputEvents = YES;
				INFOPLIST_KEY_UILaunchScreen_Generation = YES;
				INFOPLIST_KEY_UISupportedInterfaceOrientations_iPad = "UIInterfaceOrientationPortrait UIInterfaceOrientationPortraitUpsideDown UIInterfaceOrientationLandscapeLeft UIInterfaceOrientationLandscapeRight";
				INFOPLIST_KEY_UISupportedInterfaceOrientations_iPhone = "UIInterfaceOrientationPortrait UIInterfaceOrientationLandscapeLeft UIInterfaceOrientationLandscapeRight";
				LD_RUNPATH_SEARCH_PATHS = (
					"$(inherited)",
					"@executable_path/Frameworks",
				);
				MARKETING_VERSION = 1.0;
				PRODUCT_BUNDLE_IDENTIFIER = fhtw.AssignmentJosipDomazet;
				PRODUCT_NAME = "$(TARGET_NAME)";
				SWIFT_EMIT_LOC_STRINGS = YES;
				SWIFT_VERSION = 5.0;
				TARGETED_DEVICE_FAMILY = "1,2";
			};
			name = Debug;
		};
		CEFF7BCC2ABD6C92000BB0C8 /* Release */ = {
			isa = XCBuildConfiguration;
			buildSettings = {
				ASSETCATALOG_COMPILER_APPICON_NAME = AppIcon;
				ASSETCATALOG_COMPILER_GLOBAL_ACCENT_COLOR_NAME = AccentColor;
				CODE_SIGN_STYLE = Automatic;
				CURRENT_PROJECT_VERSION = 1;
				DEVELOPMENT_ASSET_PATHS = "\"AssignmentJosipDomazet/Preview Content\"";
				ENABLE_PREVIEWS = YES;
				GENERATE_INFOPLIST_FILE = YES;
				INFOPLIST_FILE = AssignmentJosipDomazet/Info.plist;
				INFOPLIST_KEY_UIApplicationSceneManifest_Generation = YES;
				INFOPLIST_KEY_UIApplicationSupportsIndirectInputEvents = YES;
				INFOPLIST_KEY_UILaunchScreen_Generation = YES;
				INFOPLIST_KEY_UISupportedInterfaceOrientations_iPad = "UIInterfaceOrientationPortrait UIInterfaceOrientationPortraitUpsideDown UIInterfaceOrientationLandscapeLeft UIInterfaceOrientationLandscapeRight";
				INFOPLIST_KEY_UISupportedInterfaceOrientations_iPhone = "UIInterfaceOrientationPortrait UIInterfaceOrientationLandscapeLeft UIInterfaceOrientationLandscapeRight";
				LD_RUNPATH_SEARCH_PATHS = (
					"$(inherited)",
					"@executable_path/Frameworks",
				);
				MARKETING_VERSION = 1.0;
				PRODUCT_BUNDLE_IDENTIFIER = fhtw.AssignmentJosipDomazet;
				PRODUCT_NAME = "$(TARGET_NAME)";
				SWIFT_EMIT_LOC_STRINGS = YES;
				SWIFT_VERSION = 5.0;
				TARGETED_DEVICE_FAMILY = "1,2";
			};
			name = Release;
		};
/* End XCBuildConfiguration section */

/* Begin XCConfigurationList section */
		CEFF7BB72ABD6C90000BB0C8 /* Build configuration list for PBXProject "AssignmentJosipDomazet" */ = {
			isa = XCConfigurationList;
			buildConfigurations = (
				CEFF7BC82ABD6C92000BB0C8 /* Debug */,
				CEFF7BC92ABD6C92000BB0C8 /* Release */,
			);
			defaultConfigurationIsVisible = 0;
			defaultConfigurationName = Release;
		};
		CEFF7BCA2ABD6C92000BB0C8 /* Build configuration list for PBXNativeTarget "AssignmentJosipDomazet" */ = {
			isa = XCConfigurationList;
			buildConfigurations = (
				CEFF7BCB2ABD6C92000BB0C8 /* Debug */,
				CEFF7BCC2ABD6C92000BB0C8 /* Release */,
			);
			defaultConfigurationIsVisible = 0;
			defaultConfigurationName = Release;
		};
/* End XCConfigurationList section */

/* Begin XCVersionGroup section */
		CE5EF50A2AE00DDA00A5BB98 /* AppDataModel.xcdatamodeld */ = {
			isa = XCVersionGroup;
			children = (
				CE5EF50B2AE00DDA00A5BB98 /* AppDataModel.xcdatamodel */,
			);
			currentVersion = CE5EF50B2AE00DDA00A5BB98 /* AppDataModel.xcdatamodel */;
			path = AppDataModel.xcdatamodeld;
			sourceTree = "<group>";
			versionGroupType = wrapper.xcdatamodel;
		};
/* End XCVersionGroup section */
	};
	rootObject = CEFF7BB42ABD6C90000BB0C8 /* Project object */;
}
